
Microsoft Visual Studio Solution File, Format Version 12.00
# Visual Studio Version 17
VisualStudioVersion = 17.10.35013.160
MinimumVisualStudioVersion = 10.0.40219.1
Project("{9A19103F-16F7-4668-BE54-9A1E7A4F7556}") = "SchPeoManageWeb", "SchPeoManageWeb.csproj", "{2657AD4A-0074-403D-835A-1A839BECA775}"
EndProject
Project("{9A19103F-16F7-4668-BE54-9A1E7A4F7556}") = "SchPeoManageWebTests", "..\SchPeoManageWebTests\SchPeoManageWebTests.csproj", "{16BC8D99-E31F-4201-85D3-5BC2856DCC0F}"
EndProject
Global
	GlobalSection(SolutionConfigurationPlatforms) = preSolution
		Debug|Any CPU = Debug|Any CPU
		Release|Any CPU = Release|Any CPU
	EndGlobalSection
	GlobalSection(ProjectConfigurationPlatforms) = postSolution
		{2657AD4A-0074-403D-835A-1A839BECA775}.Debug|Any CPU.ActiveCfg = Debug|Any CPU
		{2657AD4A-0074-403D-835A-1A839BECA775}.Debug|Any CPU.Build.0 = Debug|Any CPU
		{2657AD4A-0074-403D-835A-1A839BECA775}.Release|Any CPU.ActiveCfg = Release|Any CPU
		{2657AD4A-0074-403D-835A-1A839BECA775}.Release|Any CPU.Build.0 = Release|Any CPU
		{16BC8D99-E31F-4201-85D3-5BC2856DCC0F}.Debug|Any CPU.ActiveCfg = Debug|Any CPU
		{16BC8D99-E31F-4201-85D3-5BC2856DCC0F}.Debug|Any CPU.Build.0 = Debug|Any CPU
		{16BC8D99-E31F-4201-85D3-5BC2856DCC0F}.Release|Any CPU.ActiveCfg = Release|Any CPU
		{16BC8D99-E31F-4201-85D3-5BC2856DCC0F}.Release|Any CPU.Build.0 = Release|Any CPU
	EndGlobalSection
	GlobalSection(SolutionProperties) = preSolution
		HideSolutionNode = FALSE
	EndGlobalSection
	GlobalSection(ExtensibilityGlobals) = postSolution
		SolutionGuid = {27CD7FBA-79AA-43D4-BB32-A1F2CACDD87F}
	EndGlobalSection
EndGlobal
